
Microsoft Visual Studio Solution File, Format Version 12.00
# Visual Studio Version 17
VisualStudioVersion = 17.3.32825.248
MinimumVisualStudioVersion = 10.0.40219.1
Project("{FAE04EC0-301F-11D3-BF4B-00C04F79EFBC}") = "uppgift 2.11", "uppgift 2.11\uppgift 2.11.csproj", "{05BF4683-629E-4AEB-8995-C93495D7E4CB}"
EndProject
Global
	GlobalSection(SolutionConfigurationPlatforms) = preSolution
		Debug|Any CPU = Debug|Any CPU
		Release|Any CPU = Release|Any CPU
	EndGlobalSection
	GlobalSection(ProjectConfigurationPlatforms) = postSolution
		{05BF4683-629E-4AEB-8995-C93495D7E4CB}.Debug|Any CPU.ActiveCfg = Debug|Any CPU
		{05BF4683-629E-4AEB-8995-C93495D7E4CB}.Debug|Any CPU.Build.0 = Debug|Any CPU
		{05BF4683-629E-4AEB-8995-C93495D7E4CB}.Release|Any CPU.ActiveCfg = Release|Any CPU
		{05BF4683-629E-4AEB-8995-C93495D7E4CB}.Release|Any CPU.Build.0 = Release|Any CPU
	EndGlobalSection
	GlobalSection(SolutionProperties) = preSolution
		HideSolutionNode = FALSE
	EndGlobalSection
	GlobalSection(ExtensibilityGlobals) = postSolution
		SolutionGuid = {7E572206-2EF5-4A53-93F0-3820514CD1C0}
	EndGlobalSection
EndGlobal
